{
  "version": "2",
  "remote": {
    "https://deno.land/std@0.141.0/_util/assert.ts": "e94f2eb37cebd7f199952e242c77654e43333c1ac4c5c700e929ea3aa5489f74",
    "https://deno.land/std@0.141.0/bytes/bytes_list.ts": "67eb118e0b7891d2f389dad4add35856f4ad5faab46318ff99653456c23b025d",
    "https://deno.land/std@0.141.0/bytes/equals.ts": "fc16dff2090cced02497f16483de123dfa91e591029f985029193dfaa9d894c9",
    "https://deno.land/std@0.141.0/bytes/mod.ts": "763f97d33051cc3f28af1a688dfe2830841192a9fea0cbaa55f927b49d49d0bf",
    "https://deno.land/std@0.141.0/fmt/colors.ts": "30455035d6d728394781c10755351742dd731e3db6771b1843f9b9e490104d37",
    "https://deno.land/std@0.141.0/io/buffer.ts": "bd0c4bf53db4b4be916ca5963e454bddfd3fcd45039041ea161dbf826817822b",
    "https://deno.land/std@0.141.0/io/types.d.ts": "01f60ae7ec02675b5dbed150d258fc184a78dfe5c209ef53ba4422b46b58822c",
    "https://deno.land/std@0.141.0/streams/conversion.ts": "8268f3f1a43324953dd8e9e4e31adb42e3caddb4502433bde03c279e43d70a3b",
    "https://deno.land/std@0.160.0/_util/assert.ts": "e94f2eb37cebd7f199952e242c77654e43333c1ac4c5c700e929ea3aa5489f74",
    "https://deno.land/std@0.160.0/_util/os.ts": "8a33345f74990e627b9dfe2de9b040004b08ea5146c7c9e8fe9a29070d193934",
    "https://deno.land/std@0.160.0/bytes/bytes_list.ts": "aba5e2369e77d426b10af1de0dcc4531acecec27f9b9056f4f7bfbf8ac147ab4",
    "https://deno.land/std@0.160.0/bytes/equals.ts": "3c3558c3ae85526f84510aa2b48ab2ad7bdd899e2e0f5b7a8ffc85acb3a6043a",
    "https://deno.land/std@0.160.0/bytes/mod.ts": "b2e342fd3669176a27a4e15061e9d588b89c1aaf5008ab71766e23669565d179",
    "https://deno.land/std@0.160.0/encoding/base64.ts": "c57868ca7fa2fbe919f57f88a623ad34e3d970d675bdc1ff3a9d02bba7409db2",
    "https://deno.land/std@0.160.0/flags/mod.ts": "686b6b36e14b00f11c9e26cecf439021158436a6e34f60eeb0d927f0b169ae20",
    "https://deno.land/std@0.160.0/io/buffer.ts": "fae02290f52301c4e0188670e730cd902f9307fb732d79c4aa14ebdc82497289",
    "https://deno.land/std@0.160.0/io/mod.ts": "6e781ebafd5cdccf9ab4afa1f499b08c513602d023cb08ceebc58758501f78bd",
    "https://deno.land/std@0.160.0/io/readers.ts": "45847ad404afd2f605eae1cff193f223462bc55eeb9ae313c2f3db28aada0fd6",
    "https://deno.land/std@0.160.0/io/types.d.ts": "107e1e64834c5ba917c783f446b407d33432c5d612c4b3430df64fc2b4ecf091",
    "https://deno.land/std@0.160.0/io/util.ts": "23e706b4b6a3ebb34af00ad74d7549d906f3211fc98c1fba1185a36e017fb727",
    "https://deno.land/std@0.160.0/io/writers.ts": "2e1c63ffd0cfba411b1fd8374609abff9ea86187c9d4d885d42e6fc20325ef0e",
    "https://deno.land/std@0.160.0/path/_constants.ts": "df1db3ffa6dd6d1252cc9617e5d72165cd2483df90e93833e13580687b6083c3",
    "https://deno.land/std@0.160.0/path/_interface.ts": "ee3b431a336b80cf445441109d089b70d87d5e248f4f90ff906820889ecf8d09",
    "https://deno.land/std@0.160.0/path/_util.ts": "d16be2a16e1204b65f9d0dfc54a9bc472cafe5f4a190b3c8471ec2016ccd1677",
    "https://deno.land/std@0.160.0/path/common.ts": "bee563630abd2d97f99d83c96c2fa0cca7cee103e8cb4e7699ec4d5db7bd2633",
    "https://deno.land/std@0.160.0/path/glob.ts": "cb5255638de1048973c3e69e420c77dc04f75755524cb3b2e160fe9277d939ee",
    "https://deno.land/std@0.160.0/path/mod.ts": "56fec03ad0ebd61b6ab39ddb9b0ddb4c4a5c9f2f4f632e09dd37ec9ebfd722ac",
    "https://deno.land/std@0.160.0/path/posix.ts": "6b63de7097e68c8663c84ccedc0fd977656eb134432d818ecd3a4e122638ac24",
    "https://deno.land/std@0.160.0/path/separator.ts": "fe1816cb765a8068afb3e8f13ad272351c85cbc739af56dacfc7d93d710fe0f9",
    "https://deno.land/std@0.160.0/path/win32.ts": "ee8826dce087d31c5c81cd414714e677eb68febc40308de87a2ce4b40e10fb8d",
    "https://deno.land/std@0.160.0/uuid/_common.ts": "76e1fdfb03aecf733f7b3a5edc900f5734f2433b359fdb1535f8de72873bdb3f",
    "https://deno.land/std@0.160.0/uuid/mod.ts": "e57ba10200d75f2b17570f13eba19faa6734b1be2da5091e2c01039df41274a5",
    "https://deno.land/std@0.160.0/uuid/v1.ts": "7123410ef9ce980a4f2e54a586ccde5ed7063f6f119a70d86eebd92f8e100295",
    "https://deno.land/std@0.160.0/uuid/v4.ts": "3e983c6ac895ea2a7ba03da927a2438fe1c26ac43fb38dc44f2f8aa50c23cb53",
    "https://deno.land/std@0.160.0/uuid/v5.ts": "43973aeda44ad212f2ec9b8d6c042b74d5cef4ce583d6aa6fc4cdb339344c74c",
    "https://deno.land/std@0.170.0/_util/asserts.ts": "d0844e9b62510f89ce1f9878b046f6a57bf88f208a10304aab50efcb48365272",
    "https://deno.land/std@0.170.0/_util/os.ts": "8a33345f74990e627b9dfe2de9b040004b08ea5146c7c9e8fe9a29070d193934",
    "https://deno.land/std@0.170.0/async/abortable.ts": "80b2ac399f142cc528f95a037a7d0e653296352d95c681e284533765961de409",
    "https://deno.land/std@0.170.0/async/deadline.ts": "2c2deb53c7c28ca1dda7a3ad81e70508b1ebc25db52559de6b8636c9278fd41f",
    "https://deno.land/std@0.170.0/async/debounce.ts": "60301ffb37e730cd2d6f9dadfd0ecb2a38857681bd7aaf6b0a106b06e5210a98",
    "https://deno.land/std@0.170.0/async/deferred.ts": "77d3f84255c3627f1cc88699d8472b664d7635990d5358c4351623e098e917d6",
    "https://deno.land/std@0.170.0/async/delay.ts": "5a9bfba8de38840308a7a33786a0155a7f6c1f7a859558ddcec5fe06e16daf57",
    "https://deno.land/std@0.170.0/async/mod.ts": "7809ad4bb223e40f5fdc043e5c7ca04e0e25eed35c32c3c32e28697c553fa6d9",
    "https://deno.land/std@0.170.0/async/mux_async_iterator.ts": "770a0ff26c59f8bbbda6b703a2235f04e379f73238e8d66a087edc68c2a2c35f",
    "https://deno.land/std@0.170.0/async/pool.ts": "6854d8cd675a74c73391c82005cbbe4cc58183bddcd1fbbd7c2bcda42b61cf69",
    "https://deno.land/std@0.170.0/async/retry.ts": "e8e5173623915bbc0ddc537698fa418cf875456c347eda1ed453528645b42e67",
    "https://deno.land/std@0.170.0/async/tee.ts": "3a47cc4e9a940904fd4341f0224907e199121c80b831faa5ec2b054c6d2eff5e",
    "https://deno.land/std@0.170.0/bytes/index_of_needle.ts": "19db73583cf6e038ca7763dd9fe9b9f2733ffa8be530d7b42f52bc9f3c2ee989",
    "https://deno.land/std@0.170.0/crypto/timing_safe_equal.ts": "3784958e40a5fe10429a68b75cc5f8d34356bf0bc2eb93c80c3033e2a6f17821",
    "https://deno.land/std@0.170.0/datetime/to_imf.ts": "bdb0704a986a9bb48fba220722b3d4681e4b8c9c162562ee545ef2eb90b6edcd",
    "https://deno.land/std@0.170.0/encoding/base64.ts": "8605e018e49211efc767686f6f687827d7f5fd5217163e981d8d693105640d7a",
    "https://deno.land/std@0.170.0/encoding/base64url.ts": "0283b12fcd306c11e3cf26fc022fecc800c6acc19704ea8bdb3908898fcd06d6",
    "https://deno.land/std@0.170.0/flags/mod.ts": "4f50ec6383c02684db35de38b3ffb2cd5b9fcfcc0b1147055d1980c49e82521c",
    "https://deno.land/std@0.170.0/http/cookie.ts": "581464551b3d91739f699fbd6a429e6e8701ae252cf295efcda7379e8410d204",
    "https://deno.land/std@0.170.0/http/http_status.ts": "ed24048cc0d06066c944da59b0301da3ae2f990564bb4ad79bb52a09cf8e9b30",
    "https://deno.land/std@0.170.0/node/_core.ts": "92e000441742387f7ded7cc582ca4089c0bc13aa5f00cecdfa4876dc832dfd10",
    "https://deno.land/std@0.170.0/node/_events.d.ts": "3899ee9c37055fbb750e32cb43d7c435077c04446af948300080e1a590c6edf0",
    "https://deno.land/std@0.170.0/node/_events.mjs": "303e8aa60ace559e4ca0d19e8475f87311bee9e8330b4b497644d70f2002fc27",
    "https://deno.land/std@0.170.0/node/_global.d.ts": "6dadaf8cec2a0c506b22170617286e0bdc80be53dd0673e67fc7dd37a1130c68",
    "https://deno.land/std@0.170.0/node/_next_tick.ts": "81c1826675493b76f90c646fb1274a4c84b5cc913a80ca4526c32cd7c46a0b06",
    "https://deno.land/std@0.170.0/node/_process/exiting.ts": "bc9694769139ffc596f962087155a8bfef10101d03423b9dcbc51ce6e1f88fce",
    "https://deno.land/std@0.170.0/node/_process/process.ts": "d5bf113a4b62f4abe4cb7ec5a9d00d44dac0ad9e82a23d00cc27d71e05ae8b66",
    "https://deno.land/std@0.170.0/node/_process/stdio.mjs": "971c3b086040d8521562155db13f22f9971d5c42c852b2081d4d2f0d8b6ab6bd",
    "https://deno.land/std@0.170.0/node/_process/streams.mjs": "3ce63d9eb24a8a8ec45eeebf5c184b43d888064f663f87e8f453888368e00f90",
    "https://deno.land/std@0.170.0/node/_stream.d.ts": "83e9da2f81de3205926f1e86ba54442aa5a3caf4c5e84a4c8699402ad340142b",
    "https://deno.land/std@0.170.0/node/_stream.mjs": "9a80217d9734f6e4284aae0ea55dd82b243f5517bc1814e983ad41b01732f712",
    "https://deno.land/std@0.170.0/node/_utils.ts": "1085a229e910b3a6672f3c3be05507591811dc67be2ae2188e9fc9ef4376b172",
    "https://deno.land/std@0.170.0/node/buffer.ts": "43f07b2d1523345bf35b7deb7fcdad6e916020a631a7bc1b5efcaff556db4e1d",
    "https://deno.land/std@0.170.0/node/events.ts": "f848398d3591534ca94ac6b852a9f3c4dbb2da310c3a26059cf4ff06b7eae088",
    "https://deno.land/std@0.170.0/node/internal/buffer.d.ts": "90f674081428a61978b6d481c5f557ff743a3f4a85d7ae113caab48fdf5b8a63",
    "https://deno.land/std@0.170.0/node/internal/buffer.mjs": "50320a6bcf770f03428e77e5ba46b19f69842539c6493b89c6515ba1b0def6ee",
    "https://deno.land/std@0.170.0/node/internal/crypto/_keys.ts": "63229ff3d8d15b5bd0a1d2ebc19313cbb8ac969875bf16df1ce4f2b497d74fb5",
    "https://deno.land/std@0.170.0/node/internal/crypto/constants.ts": "d2c8821977aef55e4d66414d623c24a2447791a8b49b6404b8db32d81e20c315",
    "https://deno.land/std@0.170.0/node/internal/error_codes.ts": "ac03c4eae33de3a69d6c98e8678003207eecf75a6900eb847e3fea3c8c9e6d8f",
    "https://deno.land/std@0.170.0/node/internal/errors.ts": "b9aec7d1fe3eaf21322d0ea9dc2fcb344055d6b0c7a1bd0f62a0c379a5baa799",
    "https://deno.land/std@0.170.0/node/internal/fixed_queue.ts": "455b3c484de48e810b13bdf95cd1658ecb1ba6bcb8b9315ffe994efcde3ba5f5",
    "https://deno.land/std@0.170.0/node/internal/hide_stack_frames.ts": "a91962ec84610bc7ec86022c4593cdf688156a5910c07b5bcd71994225c13a03",
    "https://deno.land/std@0.170.0/node/internal/net.ts": "1239886cd2508a68624c2dae8abf895e8aa3bb15a748955349f9ac5539032238",
    "https://deno.land/std@0.170.0/node/internal/normalize_encoding.mjs": "3779ec8a7adf5d963b0224f9b85d1bc974a2ec2db0e858396b5d3c2c92138a0a",
    "https://deno.land/std@0.170.0/node/internal/options.ts": "a23c285975e058cb26a19abcb048cd8b46ab12d21cfb028868ac8003fffb43ac",
    "https://deno.land/std@0.170.0/node/internal/primordials.mjs": "7cf5afe471583e4a384eeea109bdff276b6b7f3a3af830f99f951fb7d57ef423",
    "https://deno.land/std@0.170.0/node/internal/process/per_thread.mjs": "bc1be72a6a662bf81573c20fe74893374847a7302065ddf52fb3fb2af505f31f",
    "https://deno.land/std@0.170.0/node/internal/readline/callbacks.mjs": "17d9270a54fb5dceea8f894669e3401e5c6260bab075a1e9675a62f1fef50d8c",
    "https://deno.land/std@0.170.0/node/internal/readline/utils.mjs": "a93ebb99f85e0dbb4f05f4aff5583d12a15150e45c335e4ecf925e1879dc9c84",
    "https://deno.land/std@0.170.0/node/internal/streams/destroy.mjs": "9c9bbeb172a437041d529829f433df72cf0b63ae49f3ee6080a55ffbef7572ad",
    "https://deno.land/std@0.170.0/node/internal/streams/end-of-stream.mjs": "38be76eaceac231dfde643e72bc0940625446bf6d1dbd995c91c5ba9fd59b338",
    "https://deno.land/std@0.170.0/node/internal/streams/utils.mjs": "a0a6b93a7e68ef52bef4ed00b0c82bb7e335abf360af57335b07c6a3fcdde717",
    "https://deno.land/std@0.170.0/node/internal/util.mjs": "35d24fb775468cd24443bcf0ec68904b8aa44e5b53845491a5e3382421917f9a",
    "https://deno.land/std@0.170.0/node/internal/util/inspect.mjs": "1ddace0c97719d2cc0869ba177d375e96051301352ec235cbfb2ecbfcd4e8fba",
    "https://deno.land/std@0.170.0/node/internal/util/types.ts": "5b15a8051a6e58b6c1a424e0e7137b77b0ef60409d54d05db22a97e0d1d5b589",
    "https://deno.land/std@0.170.0/node/internal/validators.mjs": "67deae0f488d013c8bf485742a5478112b8e48837cb2458c4a8b2669cf7017db",
    "https://deno.land/std@0.170.0/node/internal_binding/_libuv_winerror.ts": "801e05c2742ae6cd42a5f0fd555a255a7308a65732551e962e5345f55eedc519",
    "https://deno.land/std@0.170.0/node/internal_binding/_listen.ts": "c15a356ef4758770fc72d3ca4db33f0cc321016df1aafb927c027c0d73ac2c42",
    "https://deno.land/std@0.170.0/node/internal_binding/_node.ts": "e4075ba8a37aef4eb5b592c8e3807c39cb49ca8653faf8e01a43421938076c1b",
    "https://deno.land/std@0.170.0/node/internal_binding/_timingSafeEqual.ts": "80640f055101071cb3680a2d8a1fead5fd260ca8bf183efb94296b69463e06cd",
    "https://deno.land/std@0.170.0/node/internal_binding/_utils.ts": "1c50883b5751a9ea1b38951e62ed63bacfdc9d69ea665292edfa28e1b1c5bd94",
    "https://deno.land/std@0.170.0/node/internal_binding/_winerror.ts": "8811d4be66f918c165370b619259c1f35e8c3e458b8539db64c704fbde0a7cd2",
    "https://deno.land/std@0.170.0/node/internal_binding/ares.ts": "33ff8275bc11751219af8bd149ea221c442d7e8676e3e9f20ccb0e1f0aac61b8",
    "https://deno.land/std@0.170.0/node/internal_binding/async_wrap.ts": "b83e4021a4854b2e13720f96d21edc11f9905251c64c1bc625a361f574400959",
    "https://deno.land/std@0.170.0/node/internal_binding/buffer.ts": "dfba9e1a50b637cfd72e569aa11959dcaf626b898ab7e851d21526a2bdaec588",
    "https://deno.land/std@0.170.0/node/internal_binding/cares_wrap.ts": "720e6d5cff7018bb3d00e1a49dd4c31f0fc6af3a593ab68cd39e3592ed163d61",
    "https://deno.land/std@0.170.0/node/internal_binding/config.ts": "e292217d048a33573966b7d25352828d3282921fbcadce8735a20fb3da370cc4",
    "https://deno.land/std@0.170.0/node/internal_binding/connection_wrap.ts": "9debd4210d29c658054476fcb640c900725f564ef35412c56dc79eb07213a7c1",
    "https://deno.land/std@0.170.0/node/internal_binding/constants.ts": "1ad4de9f76733320527c8bc841b5e4dd5869424924384157a72f3b171bd05b08",
    "https://deno.land/std@0.170.0/node/internal_binding/contextify.ts": "e292217d048a33573966b7d25352828d3282921fbcadce8735a20fb3da370cc4",
    "https://deno.land/std@0.170.0/node/internal_binding/credentials.ts": "e292217d048a33573966b7d25352828d3282921fbcadce8735a20fb3da370cc4",
    "https://deno.land/std@0.170.0/node/internal_binding/crypto.ts": "d7f39700dc020364edf7f4785e5026bb91f099ce1bd02734182451b1af300c8c",
    "https://deno.land/std@0.170.0/node/internal_binding/errors.ts": "e292217d048a33573966b7d25352828d3282921fbcadce8735a20fb3da370cc4",
    "https://deno.land/std@0.170.0/node/internal_binding/fs.ts": "e292217d048a33573966b7d25352828d3282921fbcadce8735a20fb3da370cc4",
    "https://deno.land/std@0.170.0/node/internal_binding/fs_dir.ts": "e292217d048a33573966b7d25352828d3282921fbcadce8735a20fb3da370cc4",
    "https://deno.land/std@0.170.0/node/internal_binding/fs_event_wrap.ts": "e292217d048a33573966b7d25352828d3282921fbcadce8735a20fb3da370cc4",
    "https://deno.land/std@0.170.0/node/internal_binding/handle_wrap.ts": "71c451060c9f555066d3ebe80de039a4e493a94b76c664450fbefd8f4167eb7e",
    "https://deno.land/std@0.170.0/node/internal_binding/heap_utils.ts": "e292217d048a33573966b7d25352828d3282921fbcadce8735a20fb3da370cc4",
    "https://deno.land/std@0.170.0/node/internal_binding/http_parser.ts": "e292217d048a33573966b7d25352828d3282921fbcadce8735a20fb3da370cc4",
    "https://deno.land/std@0.170.0/node/internal_binding/icu.ts": "e292217d048a33573966b7d25352828d3282921fbcadce8735a20fb3da370cc4",
    "https://deno.land/std@0.170.0/node/internal_binding/inspector.ts": "e292217d048a33573966b7d25352828d3282921fbcadce8735a20fb3da370cc4",
    "https://deno.land/std@0.170.0/node/internal_binding/js_stream.ts": "e292217d048a33573966b7d25352828d3282921fbcadce8735a20fb3da370cc4",
    "https://deno.land/std@0.170.0/node/internal_binding/messaging.ts": "e292217d048a33573966b7d25352828d3282921fbcadce8735a20fb3da370cc4",
    "https://deno.land/std@0.170.0/node/internal_binding/mod.ts": "f68e74e8eed84eaa6b0de24f0f4c47735ed46866d7ee1c5a5e7c0667b4f0540f",
    "https://deno.land/std@0.170.0/node/internal_binding/module_wrap.ts": "e292217d048a33573966b7d25352828d3282921fbcadce8735a20fb3da370cc4",
    "https://deno.land/std@0.170.0/node/internal_binding/native_module.ts": "e292217d048a33573966b7d25352828d3282921fbcadce8735a20fb3da370cc4",
    "https://deno.land/std@0.170.0/node/internal_binding/natives.ts": "e292217d048a33573966b7d25352828d3282921fbcadce8735a20fb3da370cc4",
    "https://deno.land/std@0.170.0/node/internal_binding/node_file.ts": "37d6864897547d95ca24e0f5d01035915db0065bff128bc22191bc93f9ad59ad",
    "https://deno.land/std@0.170.0/node/internal_binding/node_options.ts": "b098e6a1c80fa5003a1669c6828539167ab19337e13d20a47b610144cb888cef",
    "https://deno.land/std@0.170.0/node/internal_binding/options.ts": "e292217d048a33573966b7d25352828d3282921fbcadce8735a20fb3da370cc4",
    "https://deno.land/std@0.170.0/node/internal_binding/os.ts": "e292217d048a33573966b7d25352828d3282921fbcadce8735a20fb3da370cc4",
    "https://deno.land/std@0.170.0/node/internal_binding/performance.ts": "e292217d048a33573966b7d25352828d3282921fbcadce8735a20fb3da370cc4",
    "https://deno.land/std@0.170.0/node/internal_binding/pipe_wrap.ts": "105c73f268cb9ca1c6cebaf4bea089ab12e0c21c8c4e10bb0a14b0abd3e1661e",
    "https://deno.land/std@0.170.0/node/internal_binding/process_methods.ts": "e292217d048a33573966b7d25352828d3282921fbcadce8735a20fb3da370cc4",
    "https://deno.land/std@0.170.0/node/internal_binding/report.ts": "e292217d048a33573966b7d25352828d3282921fbcadce8735a20fb3da370cc4",
    "https://deno.land/std@0.170.0/node/internal_binding/serdes.ts": "e292217d048a33573966b7d25352828d3282921fbcadce8735a20fb3da370cc4",
    "https://deno.land/std@0.170.0/node/internal_binding/signal_wrap.ts": "e292217d048a33573966b7d25352828d3282921fbcadce8735a20fb3da370cc4",
    "https://deno.land/std@0.170.0/node/internal_binding/spawn_sync.ts": "e292217d048a33573966b7d25352828d3282921fbcadce8735a20fb3da370cc4",
    "https://deno.land/std@0.170.0/node/internal_binding/stream_wrap.ts": "64780dc713ee0a2dc36251a62fe533005f07f5996f2c7b61fd8b6fa277c25317",
    "https://deno.land/std@0.170.0/node/internal_binding/string_decoder.ts": "5cb1863763d1e9b458bc21d6f976f16d9c18b3b3f57eaf0ade120aee38fba227",
    "https://deno.land/std@0.170.0/node/internal_binding/symbols.ts": "51cfca9bb6132d42071d4e9e6b68a340a7f274041cfcba3ad02900886e972a6c",
    "https://deno.land/std@0.170.0/node/internal_binding/task_queue.ts": "e292217d048a33573966b7d25352828d3282921fbcadce8735a20fb3da370cc4",
    "https://deno.land/std@0.170.0/node/internal_binding/tcp_wrap.ts": "4217fa10072e048a26f26e5f548b3f38422452c9956265592cac57379a610acb",
    "https://deno.land/std@0.170.0/node/internal_binding/timers.ts": "e292217d048a33573966b7d25352828d3282921fbcadce8735a20fb3da370cc4",
    "https://deno.land/std@0.170.0/node/internal_binding/tls_wrap.ts": "e292217d048a33573966b7d25352828d3282921fbcadce8735a20fb3da370cc4",
    "https://deno.land/std@0.170.0/node/internal_binding/trace_events.ts": "e292217d048a33573966b7d25352828d3282921fbcadce8735a20fb3da370cc4",
    "https://deno.land/std@0.170.0/node/internal_binding/tty_wrap.ts": "e292217d048a33573966b7d25352828d3282921fbcadce8735a20fb3da370cc4",
    "https://deno.land/std@0.170.0/node/internal_binding/types.ts": "69000b1b92e0ca999c737f5add38827742b3ca3fe37a2389c80290de0ae6ef01",
    "https://deno.land/std@0.170.0/node/internal_binding/udp_wrap.ts": "cdd0882eff7e7db631d808608d20f5d1269b40fbcedd4a0972d6ed616a855c79",
    "https://deno.land/std@0.170.0/node/internal_binding/url.ts": "e292217d048a33573966b7d25352828d3282921fbcadce8735a20fb3da370cc4",
    "https://deno.land/std@0.170.0/node/internal_binding/util.ts": "faf5146c3cc3b2d6c26026a818b4a16e91488ab26e63c069f36ba3c3ae24c97b",
    "https://deno.land/std@0.170.0/node/internal_binding/uv.ts": "27922aaec43de314afd99dfca1ce8f4d51ced9f5195e4917b54d387766404f61",
    "https://deno.land/std@0.170.0/node/internal_binding/v8.ts": "e292217d048a33573966b7d25352828d3282921fbcadce8735a20fb3da370cc4",
    "https://deno.land/std@0.170.0/node/internal_binding/worker.ts": "e292217d048a33573966b7d25352828d3282921fbcadce8735a20fb3da370cc4",
    "https://deno.land/std@0.170.0/node/internal_binding/zlib.ts": "e292217d048a33573966b7d25352828d3282921fbcadce8735a20fb3da370cc4",
    "https://deno.land/std@0.170.0/node/process.ts": "160ad8df6496ab00ed6ed25589d504855382d2641a0c9c4c6e1c577f770862d5",
    "https://deno.land/std@0.170.0/node/stream.ts": "2c6d5d207d0ad295f396b34fd03a908c1638beb1754bc9c1fccd9a4cdcace8be",
    "https://deno.land/std@0.170.0/node/string_decoder.ts": "7b6aaf9f98934fa33f89d7183a03858c0d1961870725d4ba39aa7cc137a9e9a1",
    "https://deno.land/std@0.170.0/path/_constants.ts": "df1db3ffa6dd6d1252cc9617e5d72165cd2483df90e93833e13580687b6083c3",
    "https://deno.land/std@0.170.0/path/_interface.ts": "ee3b431a336b80cf445441109d089b70d87d5e248f4f90ff906820889ecf8d09",
    "https://deno.land/std@0.170.0/path/_util.ts": "d16be2a16e1204b65f9d0dfc54a9bc472cafe5f4a190b3c8471ec2016ccd1677",
    "https://deno.land/std@0.170.0/path/common.ts": "bee563630abd2d97f99d83c96c2fa0cca7cee103e8cb4e7699ec4d5db7bd2633",
    "https://deno.land/std@0.170.0/path/glob.ts": "81cc6c72be002cd546c7a22d1f263f82f63f37fe0035d9726aa96fc8f6e4afa1",
    "https://deno.land/std@0.170.0/path/mod.ts": "cf7cec7ac11b7048bb66af8ae03513e66595c279c65cfa12bfc07d9599608b78",
    "https://deno.land/std@0.170.0/path/posix.ts": "b859684bc4d80edfd4cad0a82371b50c716330bed51143d6dcdbe59e6278b30c",
    "https://deno.land/std@0.170.0/path/separator.ts": "fe1816cb765a8068afb3e8f13ad272351c85cbc739af56dacfc7d93d710fe0f9",
    "https://deno.land/std@0.170.0/path/win32.ts": "7cebd2bda6657371adc00061a1d23fdd87bcdf64b4843bb148b0b24c11b40f69",
    "https://deno.land/std@0.170.0/streams/write_all.ts": "7525aa90e34a2bb56d094403ad9c0e31e7db87a47cb556e6dc0404e6deca084c",
    "https://deno.land/std@0.171.0/_util/asserts.ts": "178dfc49a464aee693a7e285567b3d0b555dc805ff490505a8aae34f9cfb1462",
    "https://deno.land/std@0.171.0/bytes/concat.ts": "d26d6f3d7922e6d663dacfcd357563b7bf4a380ce5b9c2bbe0c8586662f25ce2",
    "https://deno.land/std@0.171.0/uuid/_common.ts": "cb1441f4df460571fc0919e1c5c217f3e7006189b703caf946604b3f791ae34d",
    "https://deno.land/std@0.171.0/uuid/mod.ts": "cd4da71beaa7ebfaa575ecb42e24e792559b65d8927e612c13b6ac5d1306f8bb",
    "https://deno.land/std@0.171.0/uuid/v1.ts": "fe36009afce7ced96e1b5928565e12c5a8eb0df1a2b5063c0a72bda6b75c0de5",
    "https://deno.land/std@0.171.0/uuid/v4.ts": "0f081880c156fd59b9e44e2f84ea0f94a3627e89c224eaf6cc982b53d849f37e",
    "https://deno.land/std@0.171.0/uuid/v5.ts": "10558a9c09a06b86fef9e61205180b9585ec4fe3fed7d696e675b8e118f74e8e",
    "https://deno.land/std@0.172.0/_util/asserts.ts": "178dfc49a464aee693a7e285567b3d0b555dc805ff490505a8aae34f9cfb1462",
    "https://deno.land/std@0.172.0/bytes/bytes_list.ts": "b4cbdfd2c263a13e8a904b12d082f6177ea97d9297274a4be134e989450dfa6a",
    "https://deno.land/std@0.172.0/bytes/concat.ts": "d26d6f3d7922e6d663dacfcd357563b7bf4a380ce5b9c2bbe0c8586662f25ce2",
    "https://deno.land/std@0.172.0/bytes/copy.ts": "939d89e302a9761dcf1d9c937c7711174ed74c59eef40a1e4569a05c9de88219",
    "https://deno.land/std@0.172.0/io/buf_reader.ts": "90a7adcb3638d8e1361695cdf844d58bcd97c41711dc6f9f8acc0626ebe097f5",
    "https://deno.land/std@0.172.0/io/buf_writer.ts": "759c69d304b04d2909976f2a03a24a107276fbd81ed13593c5c2d43d104b52f3",
    "https://deno.land/std@0.172.0/io/buffer.ts": "24abd4a65403ca3fdffcb6d3f985b0285adfd785f1311ce681708a21126776ad",
    "https://deno.land/std@0.172.0/io/read_delim.ts": "7e102c66f00a118fa1e1ccd4abb080496f43766686907fd8b9522fdf85443586",
    "https://deno.land/std@0.172.0/io/read_lines.ts": "baee9e35034f2fdfccf63bc24b7e3cb45aa1c1c5de26d178f7bcbc572e87772f",
    "https://deno.land/std@0.172.0/io/read_string_delim.ts": "46eb0c9db3547caf8c759631effa200bbe48924f9b34f41edc627bde36cee52d",
    "https://deno.land/std@0.172.0/types.d.ts": "220ed56662a0bd393ba5d124aa6ae2ad36a00d2fcbc0e8666a65f4606aaa9784",
    "https://deno.land/x/another_cookiejar@v4.1.4/cookie.ts": "72d6a6633ea13dd2f13b53d9726735b194996353a958024072c4d6b077c97baf",
    "https://deno.land/x/another_cookiejar@v4.1.4/cookie_jar.ts": "9accd36e76929f2f06fa710d2165fb544703617245fa36ac63560b9fa2a22a25",
    "https://deno.land/x/another_cookiejar@v4.1.4/fetch_wrapper.ts": "d8918c0776413b2d4a675415727973390b4401a026f6dfdcffedce3296b5e0dc",
    "https://deno.land/x/another_cookiejar@v4.1.4/mod.ts": "eff949014965771f2cd447fe78625a1ad28b59333afa40640f02c0922534d89a",
    "https://deno.land/x/msgpack@v1.4/CachedKeyDecoder.ts": "c39b6f1572902ae08c0e4971f639e81031ac59403957fc43c6fb3c7fe69d99a1",
    "https://deno.land/x/msgpack@v1.4/Decoder.ts": "bdb68309cd51da2b9a897f269784c6d636796258838a97f25b0e1b399c6f369b",
    "https://deno.land/x/msgpack@v1.4/Encoder.ts": "4852bbacb30cd66eb2bd61a9e20476802458b991e13aacb5eb984d0348247ffe",
    "https://deno.land/x/msgpack@v1.4/ExtData.ts": "8d97fe43568e119a1eeb93e1ef1c431e0a24e392fb0c6ffed775aac1e579f244",
    "https://deno.land/x/msgpack@v1.4/ExtensionCodec.ts": "e8a24eb1786156239f589cc3058c8ff3d79ed393f420c40fdf7a93df943c91f2",
    "https://deno.land/x/msgpack@v1.4/context.ts": "6228de10854dbadf6aef096960af0115214078ec3784eca4565587769fde3d1c",
    "https://deno.land/x/msgpack@v1.4/decode.ts": "c808aeec46f6d0e5b28d0bbacd40e78d0a3614b229368c70db2e53c03f7555ca",
    "https://deno.land/x/msgpack@v1.4/decodeAsync.ts": "19e4f33ba0cc8d200b857deb9721bace863c0e89f7bff73e2b04379e4ee85bad",
    "https://deno.land/x/msgpack@v1.4/encode.ts": "c5598f8eec9efcbd0ef07f246ade049a8f4906703cdb601baf03b2774b293916",
    "https://deno.land/x/msgpack@v1.4/mod.ts": "c28290db26b1ea027e1798085fd6c8055685ea086f1418d54a33542b285633c9",
    "https://deno.land/x/msgpack@v1.4/timestamp.ts": "5169949efe39bc24f58cd5dcaae682cdf5353c762a54abf9ae6e18c8d9feb648",
    "https://deno.land/x/msgpack@v1.4/utils/int.ts": "b08743982f954d2dd7f4f11d868019576b63cb8147d8acc1bce3843f39398188",
    "https://deno.land/x/msgpack@v1.4/utils/prettyByte.ts": "35c8104d57ba2a727056beaf1063bbe941d512cdd23ce6b04d7c5b44dafcd46e",
    "https://deno.land/x/msgpack@v1.4/utils/stream.ts": "1315e29af5c1a40d97bfa6f1c4f7f73d26067b912236f56851981f2f049500b8",
    "https://deno.land/x/msgpack@v1.4/utils/typedArrays.ts": "bb819c2f28cf7f85ed50b2e57f108462715555cc61ce315e8134cf1eef2ae662",
    "https://deno.land/x/msgpack@v1.4/utils/utf8.ts": "93183055a7a41986080eeb711e83d553e7c8b121642da4379a5adf253b7beefd",
    "https://deno.land/x/progress@v1.2.8/deps.ts": "e0abdc972a0c152508b28ced5ae9c4be26a5773f0aa4a3caa72371c84d2e28a2",
    "https://deno.land/x/progress@v1.2.8/mod.ts": "5ef7c7ff079d71effed5055666af81cc58a566bc98e2df8473526bd6457976c5",
    "https://deno.land/x/progress@v1.2.8/multi.ts": "392553552243204539d83ee53cadda990db20b1b421520411318ff9bd0320646",
    "https://deno.land/x/semaphore@v1.1.1/mod.ts": "431abb51927a16c537cec1cfb05bf2de6a8f3916331f1ec3f9f13ad7ad6a4ea5",
    "https://deno.land/x/semaphore@v1.1.1/mutex.ts": "2cc6490481f0fdfe97c6b326a2073819d76b76eac3877864a8ada6a2127492f2",
    "https://deno.land/x/semaphore@v1.1.1/semaphore.ts": "0acf1159d635fa3b9198a4ad4acac9e877d79196601aa80544ac0db5a71c646d",
    "https://deno.land/x/ts_essentials@v9.1.2/lib/functions.ts": "20681c98ce82d503dba56f5ef9313c196f18a2317ce7c0c331cc3fdea0d56688",
    "https://deno.land/x/ts_essentials@v9.1.2/lib/literal-types/mod.ts": "c1b9e16a7e49814e9509bed8a5dec25b717761a37d0ef1589d411bd6130dd2e5",
    "https://deno.land/x/ts_essentials@v9.1.2/lib/mod.ts": "d7e44a25aa621425ffd118a0210a492c5c354411018e2db648a68614d5901f5b",
    "https://deno.land/x/ts_essentials@v9.1.2/lib/types.ts": "7ee99797a880948c07020e90d569ca3c5d465c378949262110283aa7856f5603",
    "https://deno.land/x/ts_essentials@v9.1.2/mod.ts": "ffae461c16d4a1bf24c2179582ab8d5c81ad0df61e4ae2fba51ef5e5bdf90345",
    "https://edge-utils.netlify.app/1.1.0/logger/mod.ts": "f5a56eec969bc136c394f41290a3a18d767e44604cd6169765a17b6533da5f83",
    "https://edge.netlify.com/": "610a527f95d87f722762bf3745be72361ad681411f25bf7b86e3ace654513531",
    "https://edge.netlify.com/bootstrap/account.ts": "db03119ab77f583fe3085958b3739043713f84454adba665666b7d437531dab4",
    "https://edge.netlify.com/bootstrap/config.ts": "a13f9dd4979f00e5bf996e18995852cc8194e20e352a2f6d46345f9614691739",
    "https://edge.netlify.com/bootstrap/context.ts": "a26c5bb388b11bd13f446dd32797e332c8a16aa818b0e5ade161cd4fb938d251",
    "https://edge.netlify.com/bootstrap/cookie_store.ts": "d77ebc65d0674c10a950ed8aea36203cb6c9539cb7f564cf8be69880986da93f",
    "https://edge.netlify.com/bootstrap/edge_function.ts": "a4badf05712b596e0d1a8bb02e3de3f0d3b0b1ee85035c25bb645760986af469",
    "https://edge.netlify.com/bootstrap/environment.ts": "310fda1b6341d50ba1b7838acd3acdcc883a6c59e30783fa486fa03fa512cd3f",
    "https://edge.netlify.com/bootstrap/feature_flags.ts": "7d08fd81442364a1756184de62ad8de1ac118799812c6f7fd9f8733431993a77",
    "https://edge.netlify.com/bootstrap/function_chain.ts": "30f7f70dfda5401ee0caeefd221a4ee11f14516d75b5d72f107592428128f228",
    "https://edge.netlify.com/bootstrap/geo.ts": "aa52dbe3bd74ae7568e20772700568751f812aa8ca2af728db7462a1d67c2d76",
    "https://edge.netlify.com/bootstrap/handler.ts": "aa03740d103267eda79b4e7918c43b8ccf38a3c8a92facf7b68127939aa89872",
    "https://edge.netlify.com/bootstrap/headers.ts": "d27a0ce164336fe30b0041bac574aa8302cf5f89601f3e238a22a0e88713c688",
    "https://edge.netlify.com/bootstrap/log/log_location.ts": "345c12df61c6cdeec9f5003f7df5bd83013367ece6cf50397016f875cf687027",
    "https://edge.netlify.com/bootstrap/log/logger.ts": "c8d7968cb3517538e2ac1094152523f482a885b7c3d998d88f4499f03374322d",
    "https://edge.netlify.com/bootstrap/log/types.ts": "be534c9e56a358189415e7c447e093daa4293e89c05a210ab20a1218802ac4f9",
    "https://edge.netlify.com/bootstrap/request.ts": "e0d5fabab9884d2923ea3eafdab9b5fb9d1e5a4581d39da0e5fa109db58f8fe7",
    "https://edge.netlify.com/bootstrap/response.ts": "beac0d12589790a233873439e82c57c019ea1a600609f9658e65a171004dd4fe",
    "https://edge.netlify.com/bootstrap/retry.ts": "254bdc76bbc74eba3ddc1a6608511ba6e55ca9ceeb8b704d5dde5d69aa300f90",
    "https://edge.netlify.com/bootstrap/site.ts": "92469673f289c124a9985c7027dc6c166364371b209b5a674aa05d482ad5583b",
    "https://edge.netlify.com/bootstrap/stage_2.ts": "aec0414b2abce6b75d6b57f0fedbed9f39479553dc950e0eb54669e589363c1a",
    "https://edge.netlify.com/bootstrap/util/named_wrapper.ts": "a2b16dc9a8e8fb07509b5cfe29203eebd5bfaafe7589669bae544c8d4d606934",
    "https://esm.sh/boolean@3.2.0": "ef912637c54606fdad47542898c4fc02081d2c517d9cdf68cc6e60d5ee9265ea",
    "https://esm.sh/boolean@3.2.0/lib/boolean.ts": "8b9107ada3121fecfe748cf1555f070bdd1dd8f7761ac86fd2bba4e96a064e82",
    "https://esm.sh/firebase@9.15.0/app": "506025f2d7f1a78107d235fa0c691e5dc113a04df58b64fc57d2eaa934f881fd",
    "https://esm.sh/firebase@9.15.0/firestore": "31cdb2899d4c235109097c6ba288953c1e9d1b6cbf9ab0c19749516660047268",
    "https://esm.sh/json-stringify-deterministic@1.0.8": "c4a18ab56eff6a5a420f587676212c13055054aa667fec54a978cb01695116f3",
    "https://esm.sh/v102/@firebase/app@0.9.0/deno/app.js": "e273c5212980f182cafab8f08e225f3bcd981037c97c53779d27c76aeb075c38",
    "https://esm.sh/v102/@firebase/app@0.9.0/dist/app-public.d.ts": "c8259d85c1cf8d37f29359023c0d014fa1301c554bae2e2f145c5091bb21c642",
    "https://esm.sh/v102/@firebase/component@0.6.0/deno/component.js": "b24b325253bd5a3fbd1dcee91e55ee7769bfa3a004167a02bc8433e4d307e234",
    "https://esm.sh/v102/@firebase/component@0.6.0/dist/index.d.ts": "515d387cbf9154b561fc96a94cf1d321271f9504bda8db836382f7f47420e148",
    "https://esm.sh/v102/@firebase/component@0.6.0/dist/src/component.d.ts": "f5427b598da502f0c189e0c13b4656af27231748fa50c43113ca419de3a47ba5",
    "https://esm.sh/v102/@firebase/component@0.6.0/dist/src/component_container.d.ts": "c1e3f21403c1971b176209b5ab06ad296fd69e48af65a2fd3c31b3561c2b9382",
    "https://esm.sh/v102/@firebase/component@0.6.0/dist/src/provider.d.ts": "6ab05b212fc69ee06d46317a3bc44d4e41af73985d117a358a17af58f4f8c4fa",
    "https://esm.sh/v102/@firebase/component@0.6.0/dist/src/types.d.ts": "4ca8959d2d7cdd3677aa93ce7b084b1878b2619876c853149af7d9a5e389328b",
    "https://esm.sh/v102/@firebase/firestore@3.8.0/deno/firestore.js": "b6ce49afa05f3c20363ba642f1ac46125cc93350101a668c64f37d5f87fd43ba",
    "https://esm.sh/v102/@firebase/firestore@3.8.0/dist/index.d.ts": "4de489a537193dcf6383e123ae14ae85ffe6e078f519639236a9324b0999b470",
    "https://esm.sh/v102/@firebase/logger@0.4.0/deno/logger.js": "8b348d9295527723f421795c872af97cbb172883c579c34757611e37f20fe2ee",
    "https://esm.sh/v102/@firebase/logger@0.4.0/dist/index.d.ts": "0892e5989d591990a85d940ec238d995b2049db533f83bbdf4df284c63ba2386",
    "https://esm.sh/v102/@firebase/logger@0.4.0/dist/src/logger.d.ts": "948f3b40beb12f45ec5248502fd9faf5ead19d1ad94e289ab27a1c4920184681",
    "https://esm.sh/v102/@firebase/util@1.8.0/deno/util.js": "d26bef37f33ad8e0fbbeb5639942634c815e9c7bde292104baa7a64e963da31f",
    "https://esm.sh/v102/@firebase/util@1.8.0/dist/util-public.d.ts": "85492578f66bde8656299142f05fcfa2ae6b5cced6c3a4315e16188d2a7227e1",
    "https://esm.sh/v102/@firebase/webchannel-wrapper@0.9.0/deno/webchannel-wrapper.js": "daddf59c20ebb7d9fa1fbe46415babdd97ae00798d980d452d99d8c7e51b147d",
    "https://esm.sh/v102/boolean@3.2.0/build/lib/boolean.d.ts": "ec1f962827c9169e897b132ae071ee04cb9606e05e34a29cce759411e3bafe9c",
    "https://esm.sh/v102/boolean@3.2.0/build/lib/index.d.ts": "f1f962f304f62fb3af39cdca495b34aed2b89bee22437eaee3c281761cc39142",
    "https://esm.sh/v102/boolean@3.2.0/build/lib/isBooleanable.d.ts": "b462fffd839f8b2e4f35ae5d8ae83669fa1895ef02488cd0459c8ae5bc332aee",
    "https://esm.sh/v102/boolean@3.2.0/deno/boolean.js": "f330b0fdefb14ef276e2243ac458a975748574314390182a4daac5cf363ed7da",
    "https://esm.sh/v102/firebase@9.15.0/app/dist/app/index.d.ts": "dd1b8c287c9effe45744ce56172956120f821be3c7b6fe66cb4b1c75257e2aa5",
    "https://esm.sh/v102/firebase@9.15.0/deno/app.js": "34f6e657d5ce2f8431b646cbc613b0d786a04f730374ba27de3698c5148df85d",
    "https://esm.sh/v102/firebase@9.15.0/deno/firestore.js": "7e69c11337f47fc47a576fe2508f37f33c463e0b40bdd856918f054d5501d97e",
    "https://esm.sh/v102/firebase@9.15.0/firestore/dist/firestore/index.d.ts": "6b7a557b4e3db2413f126d7f0fad572604814a34ddec43eeabbf6c0c413614a6",
    "https://esm.sh/v102/idb@7.0.1/deno/idb.js": "dc87623f0c04414da3ce6f23d2e024e88b780bb7bba34cdb481c2f933b4fceeb",
    "https://esm.sh/v102/json-stringify-deterministic@1.0.8/deno/json-stringify-deterministic.js": "9ddbdc2275ed49df6b6034acc12f90b38b1a2b82b4f3a6db9b8183417dec61f5",
    "https://esm.sh/v102/json-stringify-deterministic@1.0.8/lib/index.d.ts": "bac6ce42c2c840a992f9833a414577821bc2052117f53fcc00a717f51cf1a961",
    "https://raw.githubusercontent.com/spacemeowx2/s3si.ts/main/deps.ts": "65ac74c104a1b341daab939ec177410be9e1479b08c83bc27eddaeecd487e13b",
    "https://raw.githubusercontent.com/spacemeowx2/s3si.ts/main/src/APIError.ts": "adc9d88aa99233cb1f5730fb9934e35b66be3c57e7dae0d56c84b5796b87568f",
    "https://raw.githubusercontent.com/spacemeowx2/s3si.ts/main/src/constant.ts": "4ff51f879e6b3d49e37bdbe346852e6cc012cd3499827aa5ce86f3daff6c1721",
    "https://raw.githubusercontent.com/spacemeowx2/s3si.ts/main/src/env.ts": "82570a833364a5077ebd3af69a9f0d06a9eab56dfebb034bba1eaf1285bba970",
    "https://raw.githubusercontent.com/spacemeowx2/s3si.ts/main/src/state.ts": "900d754358bd11d414d454e41374d7ae6c7134e7b6d584599fb55981ac8dccb5",
    "https://raw.githubusercontent.com/spacemeowx2/s3si.ts/main/src/types.ts": "efc6f50d92e5b9d6f7999239cb13b579786bd2a98076984536f74a1d3791a19c",
    "https://raw.githubusercontent.com/spacemeowx2/s3si.ts/main/src/utils.ts": "2d4503ef7bba3e352c076e4f1af0e9e38bc5172a878dfdba7b9d4c131a7ff466"
  },
  "npm": {
    "specifiers": { "boolean": "boolean@3.2.0" },
    "packages": {
      "boolean@3.2.0": {
        "integrity": "sha512-d0II/GO9uf9lfUHH2BQsjxzRJZBdsjgsBiW4BvhWk/3qoKwQFjIDVN19PfX8F2D/r9PCMTtLWjYVCFrpeYUzsw==",
        "dependencies": {}
      }
    }
  }
}
